// !$*UTF8*$!
{
	archiveVersion = 1;
	classes = {
	};
	objectVersion = 46;
	objects = {

/* Begin PBXBuildFile section */
		55F7DC101BD564BA00AEF255 /* main.m in Sources */ = {isa = PBXBuildFile; fileRef = 55F7DC0F1BD564BA00AEF255 /* main.m */; };
		55F7DC131BD564BA00AEF255 /* AppDelegate.m in Sources */ = {isa = PBXBuildFile; fileRef = 55F7DC121BD564BA00AEF255 /* AppDelegate.m */; };
		55F7DC161BD564BA00AEF255 /* ViewController.m in Sources */ = {isa = PBXBuildFile; fileRef = 55F7DC151BD564BA00AEF255 /* ViewController.m */; };
		55F7DC191BD564BA00AEF255 /* Main.storyboard in Resources */ = {isa = PBXBuildFile; fileRef = 55F7DC171BD564BA00AEF255 /* Main.storyboard */; };
		55F7DC1C1BD564BA00AEF255 /* VinoLog.xcdatamodeld in Sources */ = {isa = PBXBuildFile; fileRef = 55F7DC1A1BD564BA00AEF255 /* VinoLog.xcdatamodeld */; };
		55F7DC1E1BD564BA00AEF255 /* Assets.xcassets in Resources */ = {isa = PBXBuildFile; fileRef = 55F7DC1D1BD564BA00AEF255 /* Assets.xcassets */; };
		55F7DC211BD564BA00AEF255 /* LaunchScreen.storyboard in Resources */ = {isa = PBXBuildFile; fileRef = 55F7DC1F1BD564BA00AEF255 /* LaunchScreen.storyboard */; };
		55F7DC2C1BD56B3E00AEF255 /* Wines+CoreDataProperties.m in Sources */ = {isa = PBXBuildFile; fileRef = 55F7DC291BD56B3E00AEF255 /* Wines+CoreDataProperties.m */; settings = {ASSET_TAGS = (); }; };
		55F7DC2D1BD56B3E00AEF255 /* Wines.m in Sources */ = {isa = PBXBuildFile; fileRef = 55F7DC2B1BD56B3E00AEF255 /* Wines.m */; settings = {ASSET_TAGS = (); }; };
/* End PBXBuildFile section */

/* Begin PBXFileReference section */
		55F7DC0B1BD564BA00AEF255 /* VinoLog.app */ = {isa = PBXFileReference; explicitFileType = wrapper.application; includeInIndex = 0; path = VinoLog.app; sourceTree = BUILT_PRODUCTS_DIR; };
		55F7DC0F1BD564BA00AEF255 /* main.m */ = {isa = PBXFileReference; lastKnownFileType = sourcecode.c.objc; path = main.m; sourceTree = "<group>"; };
		55F7DC111BD564BA00AEF255 /* AppDelegate.h */ = {isa = PBXFileReference; lastKnownFileType = sourcecode.c.h; path = AppDelegate.h; sourceTree = "<group>"; };
		55F7DC121BD564BA00AEF255 /* AppDelegate.m */ = {isa = PBXFileReference; lastKnownFileType = sourcecode.c.objc; path = AppDelegate.m; sourceTree = "<group>"; };
		55F7DC141BD564BA00AEF255 /* ViewController.h */ = {isa = PBXFileReference; lastKnownFileType = sourcecode.c.h; path = ViewController.h; sourceTree = "<group>"; };
		55F7DC151BD564BA00AEF255 /* ViewController.m */ = {isa = PBXFileReference; lastKnownFileType = sourcecode.c.objc; path = ViewController.m; sourceTree = "<group>"; };
		55F7DC181BD564BA00AEF255 /* Base */ = {isa = PBXFileReference; lastKnownFileType = file.storyboard; name = Base; path = Base.lproj/Main.storyboard; sourceTree = "<group>"; };
		55F7DC1B1BD564BA00AEF255 /* VinoLog.xcdatamodel */ = {isa = PBXFileReference; lastKnownFileType = wrapper.xcdatamodel; path = VinoLog.xcdatamodel; sourceTree = "<group>"; };
		55F7DC1D1BD564BA00AEF255 /* Assets.xcassets */ = {isa = PBXFileReference; lastKnownFileType = folder.assetcatalog; path = Assets.xcassets; sourceTree = "<group>"; };
		55F7DC201BD564BA00AEF255 /* Base */ = {isa = PBXFileReference; lastKnownFileType = file.storyboard; name = Base; path = Base.lproj/LaunchScreen.storyboard; sourceTree = "<group>"; };
		55F7DC221BD564BA00AEF255 /* Info.plist */ = {isa = PBXFileReference; lastKnownFileType = text.plist.xml; path = Info.plist; sourceTree = "<group>"; };
		55F7DC281BD56B3E00AEF255 /* Wines+CoreDataProperties.h */ = {isa = PBXFileReference; fileEncoding = 4; lastKnownFileType = sourcecode.c.h; path = "Wines+CoreDataProperties.h"; sourceTree = "<group>"; };
		55F7DC291BD56B3E00AEF255 /* Wines+CoreDataProperties.m */ = {isa = PBXFileReference; fileEncoding = 4; lastKnownFileType = sourcecode.c.objc; path = "Wines+CoreDataProperties.m"; sourceTree = "<group>"; };
		55F7DC2A1BD56B3E00AEF255 /* Wines.h */ = {isa = PBXFileReference; fileEncoding = 4; lastKnownFileType = sourcecode.c.h; path = Wines.h; sourceTree = "<group>"; };
		55F7DC2B1BD56B3E00AEF255 /* Wines.m */ = {isa = PBXFileReference; fileEncoding = 4; lastKnownFileType = sourcecode.c.objc; path = Wines.m; sourceTree = "<group>"; };
/* End PBXFileReference section */

/* Begin PBXFrameworksBuildPhase section */
		55F7DC081BD564BA00AEF255 /* Frameworks */ = {
			isa = PBXFrameworksBuildPhase;
			buildActionMask = 2147483647;
			files = (
			);
			runOnlyForDeploymentPostprocessing = 0;
		};
/* End PBXFrameworksBuildPhase section */

/* Begin PBXGroup section */
		55F7DC021BD564BA00AEF255 = {
			isa = PBXGroup;
			children = (
				55F7DC2E1BD56B4400AEF255 /* Wines */,
				55F7DC0D1BD564BA00AEF255 /* VinoLog */,
				55F7DC0C1BD564BA00AEF255 /* Products */,
			);
			sourceTree = "<group>";
		};
		55F7DC0C1BD564BA00AEF255 /* Products */ = {
			isa = PBXGroup;
			children = (
				55F7DC0B1BD564BA00AEF255 /* VinoLog.app */,
			);
			name = Products;
			sourceTree = "<group>";
		};
		55F7DC0D1BD564BA00AEF255 /* VinoLog */ = {
			isa = PBXGroup;
			children = (
				55F7DC111BD564BA00AEF255 /* AppDelegate.h */,
				55F7DC121BD564BA00AEF255 /* AppDelegate.m */,
				55F7DC141BD564BA00AEF255 /* ViewController.h */,
				55F7DC151BD564BA00AEF255 /* ViewController.m */,
				55F7DC171BD564BA00AEF255 /* Main.storyboard */,
				55F7DC1D1BD564BA00AEF255 /* Assets.xcassets */,
				55F7DC1F1BD564BA00AEF255 /* LaunchScreen.storyboard */,
				55F7DC221BD564BA00AEF255 /* Info.plist */,
				55F7DC0E1BD564BA00AEF255 /* Supporting Files */,
			);
			path = VinoLog;
			sourceTree = "<group>";
		};
		55F7DC0E1BD564BA00AEF255 /* Supporting Files */ = {
			isa = PBXGroup;
			children = (
				55F7DC0F1BD564BA00AEF255 /* main.m */,
			);
			name = "Supporting Files";
			sourceTree = "<group>";
		};
		55F7DC2E1BD56B4400AEF255 /* Wines */ = {
			isa = PBXGroup;
			children = (
				55F7DC281BD56B3E00AEF255 /* Wines+CoreDataProperties.h */,
				55F7DC291BD56B3E00AEF255 /* Wines+CoreDataProperties.m */,
				55F7DC2A1BD56B3E00AEF255 /* Wines.h */,
				55F7DC2B1BD56B3E00AEF255 /* Wines.m */,
				55F7DC1A1BD564BA00AEF255 /* VinoLog.xcdatamodeld */,
			);
			name = Wines;
			sourceTree = "<group>";
		};
/* End PBXGroup section */

/* Begin PBXNativeTarget section */
		55F7DC0A1BD564BA00AEF255 /* VinoLog */ = {
			isa = PBXNativeTarget;
			buildConfigurationList = 55F7DC251BD564BA00AEF255 /* Build configuration list for PBXNativeTarget "VinoLog" */;
			buildPhases = (
				55F7DC071BD564BA00AEF255 /* Sources */,
				55F7DC081BD564BA00AEF255 /* Frameworks */,
				55F7DC091BD564BA00AEF255 /* Resources */,
			);
			buildRules = (
			);
			dependencies = (
			);
			name = VinoLog;
			productName = VinoLog;
			productReference = 55F7DC0B1BD564BA00AEF255 /* VinoLog.app */;
			productType = "com.apple.product-type.application";
		};
/* End PBXNativeTarget section */

/* Begin PBXProject section */
		55F7DC031BD564BA00AEF255 /* Project object */ = {
			isa = PBXProject;
			attributes = {
				LastUpgradeCheck = 0700;
				ORGANIZATIONNAME = "Mike Henry";
				TargetAttributes = {
					55F7DC0A1BD564BA00AEF255 = {
						CreatedOnToolsVersion = 7.0;
					};
				};
			};
			buildConfigurationList = 55F7DC061BD564BA00AEF255 /* Build configuration list for PBXProject "VinoLog" */;
			compatibilityVersion = "Xcode 3.2";
			developmentRegion = English;
			hasScannedForEncodings = 0;
			knownRegions = (
				en,
				Base,
			);
			mainGroup = 55F7DC021BD564BA00AEF255;
			productRefGroup = 55F7DC0C1BD564BA00AEF255 /* Products */;
			projectDirPath = "";
			projectRoot = "";
			targets = (
				55F7DC0A1BD564BA00AEF255 /* VinoLog */,
			);
		};
/* End PBXProject section */

/* Begin PBXResourcesBuildPhase section */
		55F7DC091BD564BA00AEF255 /* Resources */ = {
			isa = PBXResourcesBuildPhase;
			buildActionMask = 2147483647;
			files = (
				55F7DC211BD564BA00AEF255 /* LaunchScreen.storyboard in Resources */,
				55F7DC1E1BD564BA00AEF255 /* Assets.xcassets in Resources */,
				55F7DC191BD564BA00AEF255 /* Main.storyboard in Resources */,
			);
			runOnlyForDeploymentPostprocessing = 0;
		};
/* End PBXResourcesBuildPhase section */

/* Begin PBXSourcesBuildPhase section */
		55F7DC071BD564BA00AEF255 /* Sources */ = {
			isa = PBXSourcesBuildPhase;
			buildActionMask = 2147483647;
			files = (
				55F7DC2D1BD56B3E00AEF255 /* Wines.m in Sources */,
				55F7DC161BD564BA00AEF255 /* ViewController.m in Sources */,
				55F7DC131BD564BA00AEF255 /* AppDelegate.m in Sources */,
				55F7DC1C1BD564BA00AEF255 /* VinoLog.xcdatamodeld in Sources */,
				55F7DC2C1BD56B3E00AEF255 /* Wines+CoreDataProperties.m in Sources */,
				55F7DC101BD564BA00AEF255 /* main.m in Sources */,
			);
			runOnlyForDeploymentPostprocessing = 0;
		};
/* End PBXSourcesBuildPhase section */

/* Begin PBXVariantGroup section */
		55F7DC171BD564BA00AEF255 /* Main.storyboard */ = {
			isa = PBXVariantGroup;
			children = (
				55F7DC181BD564BA00AEF255 /* Base */,
			);
			name = Main.storyboard;
			sourceTree = "<group>";
		};
		55F7DC1F1BD564BA00AEF255 /* LaunchScreen.storyboard */ = {
			isa = PBXVariantGroup;
			children = (
				55F7DC201BD564BA00AEF255 /* Base */,
			);
			name = LaunchScreen.storyboard;
			sourceTree = "<group>";
		};
/* End PBXVariantGroup section */

/* Begin XCBuildConfiguration section */
		55F7DC231BD564BA00AEF255 /* Debug */ = {
			isa = XCBuildConfiguration;
			buildSettings = {
				ALWAYS_SEARCH_USER_PATHS = NO;
				CLANG_CXX_LANGUAGE_STANDARD = "gnu++0x";
				CLANG_CXX_LIBRARY = "libc++";
				CLANG_ENABLE_MODULES = YES;
				CLANG_ENABLE_OBJC_ARC = YES;
				CLANG_WARN_BOOL_CONVERSION = YES;
				CLANG_WARN_CONSTANT_CONVERSION = YES;
				CLANG_WARN_DIRECT_OBJC_ISA_USAGE = YES_ERROR;
				CLANG_WARN_EMPTY_BODY = YES;
				CLANG_WARN_ENUM_CONVERSION = YES;
				CLANG_WARN_INT_CONVERSION = YES;
				CLANG_WARN_OBJC_ROOT_CLASS = YES_ERROR;
				CLANG_WARN_UNREACHABLE_CODE = YES;
				CLANG_WARN__DUPLICATE_METHOD_MATCH = YES;
				"CODE_SIGN_IDENTITY[sdk=iphoneos*]" = "iPhone Developer";
				COPY_PHASE_STRIP = NO;
				DEBUG_INFORMATION_FORMAT = dwarf;
				ENABLE_STRICT_OBJC_MSGSEND = YES;
				ENABLE_TESTABILITY = YES;
				GCC_C_LANGUAGE_STANDARD = gnu99;
				GCC_DYNAMIC_NO_PIC = NO;
				GCC_NO_COMMON_BLOCKS = YES;
				GCC_OPTIMIZATION_LEVEL = 0;
				GCC_PREPROCESSOR_DEFINITIONS = (
					"DEBUG=1",
					"$(inherited)",
				);
				GCC_WARN_64_TO_32_BIT_CONVERSION = YES;
				GCC_WARN_ABOUT_RETURN_TYPE = YES_ERROR;
				GCC_WARN_UNDECLARED_SELECTOR = YES;
				GCC_WARN_UNINITIALIZED_AUTOS = YES_AGGRESSIVE;
				GCC_WARN_UNUSED_FUNCTION = YES;
				GCC_WARN_UNUSED_VARIABLE = YES;
				IPHONEOS_DEPLOYMENT_TARGET = 9.0;
				MTL_ENABLE_DEBUG_INFO = YES;
				ONLY_ACTIVE_ARCH = YES;
				SDKROOT = iphoneos;
			};
			name = Debug;
		};
		55F7DC241BD564BA00AEF255 /* Release */ = {
			isa = XCBuildConfiguration;
			buildSettings = {
				ALWAYS_SEARCH_USER_PATHS = NO;
				CLANG_CXX_LANGUAGE_STANDARD = "gnu++0x";
				CLANG_CXX_LIBRARY = "libc++";
				CLANG_ENABLE_MODULES = YES;
				CLANG_ENABLE_OBJC_ARC = YES;
				CLANG_WARN_BOOL_CONVERSION = YES;
				CLANG_WARN_CONSTANT_CONVERSION = YES;
				CLANG_WARN_DIRECT_OBJC_ISA_USAGE = YES_ERROR;
				CLANG_WARN_EMPTY_BODY = YES;
				CLANG_WARN_ENUM_CONVERSION = YES;
				CLANG_WARN_INT_CONVERSION = YES;
				CLANG_WARN_OBJC_ROOT_CLASS = YES_ERROR;
				CLANG_WARN_UNREACHABLE_CODE = YES;
				CLANG_WARN__DUPLICATE_METHOD_MATCH = YES;
				"CODE_SIGN_IDENTITY[sdk=iphoneos*]" = "iPhone Developer";
				COPY_PHASE_STRIP = NO;
				DEBUG_INFORMATION_FORMAT = "dwarf-with-dsym";
				ENABLE_NS_ASSERTIONS = NO;
				ENABLE_STRICT_OBJC_MSGSEND = YES;
				GCC_C_LANGUAGE_STANDARD = gnu99;
				GCC_NO_COMMON_BLOCKS = YES;
				GCC_WARN_64_TO_32_BIT_CONVERSION = YES;
				GCC_WARN_ABOUT_RETURN_TYPE = YES_ERROR;
				GCC_WARN_UNDECLARED_SELECTOR = YES;
				GCC_WARN_UNINITIALIZED_AUTOS = YES_AGGRESSIVE;
				GCC_WARN_UNUSED_FUNCTION = YES;
				GCC_WARN_UNUSED_VARIABLE = YES;
				IPHONEOS_DEPLOYMENT_TARGET = 9.0;
				MTL_ENABLE_DEBUG_INFO = NO;
				SDKROOT = iphoneos;
				VALIDATE_PRODUCT = YES;
			};
			name = Release;
		};
		55F7DC261BD564BA00AEF255 /* Debug */ = {
			isa = XCBuildConfiguration;
			buildSettings = {
				ASSETCATALOG_COMPILER_APPICON_NAME = AppIcon;
				INFOPLIST_FILE = VinoLog/Info.plist;
				LD_RUNPATH_SEARCH_PATHS = "$(inherited) @executable_path/Frameworks";
				PRODUCT_BUNDLE_IDENTIFIER = henrymike.VinoLog;
				PRODUCT_NAME = "$(TARGET_NAME)";
			};
			name = Debug;
		};
		55F7DC271BD564BA00AEF255 /* Release */ = {
			isa = XCBuildConfiguration;
			buildSettings = {
				ASSETCATALOG_COMPILER_APPICON_NAME = AppIcon;
				INFOPLIST_FILE = VinoLog/Info.plist;
				LD_RUNPATH_SEARCH_PATHS = "$(inherited) @executable_path/Frameworks";
				PRODUCT_BUNDLE_IDENTIFIER = henrymike.VinoLog;
				PRODUCT_NAME = "$(TARGET_NAME)";
			};
			name = Release;
		};
/* End XCBuildConfiguration section */

/* Begin XCConfigurationList section */
		55F7DC061BD564BA00AEF255 /* Build configuration list for PBXProject "VinoLog" */ = {
			isa = XCConfigurationList;
			buildConfigurations = (
				55F7DC231BD564BA00AEF255 /* Debug */,
				55F7DC241BD564BA00AEF255 /* Release */,
			);
			defaultConfigurationIsVisible = 0;
			defaultConfigurationName = Release;
		};
		55F7DC251BD564BA00AEF255 /* Build configuration list for PBXNativeTarget "VinoLog" */ = {
			isa = XCConfigurationList;
			buildConfigurations = (
				55F7DC261BD564BA00AEF255 /* Debug */,
				55F7DC271BD564BA00AEF255 /* Release */,
			);
			defaultConfigurationIsVisible = 0;
		};
/* End XCConfigurationList section */

/* Begin XCVersionGroup section */
		55F7DC1A1BD564BA00AEF255 /* VinoLog.xcdatamodeld */ = {
			isa = XCVersionGroup;
			children = (
				55F7DC1B1BD564BA00AEF255 /* VinoLog.xcdatamodel */,
			);
			currentVersion = 55F7DC1B1BD564BA00AEF255 /* VinoLog.xcdatamodel */;
			name = VinoLog.xcdatamodeld;
			path = VinoLog/VinoLog.xcdatamodeld;
			sourceTree = "<group>";
			versionGroupType = wrapper.xcdatamodel;
		};
/* End XCVersionGroup section */
	};
	rootObject = 55F7DC031BD564BA00AEF255 /* Project object */;
}
